
Microsoft Visual Studio Solution File, Format Version 12.00
# Visual Studio Version 17
VisualStudioVersion = 17.7.34024.191
MinimumVisualStudioVersion = 10.0.40219.1
Project("{FAE04EC0-301F-11D3-BF4B-00C04F79EFBC}") = "CheckEmp", "CheckEmp.csproj", "{ED2598BE-BE24-4A93-923D-3C7355469EFD}"
EndProject
Global
	GlobalSection(SolutionConfigurationPlatforms) = preSolution
		Debug|Any CPU = Debug|Any CPU
		Release|Any CPU = Release|Any CPU
	EndGlobalSection
	GlobalSection(ProjectConfigurationPlatforms) = postSolution
		{ED2598BE-BE24-4A93-923D-3C7355469EFD}.Debug|Any CPU.ActiveCfg = Debug|Any CPU
		{ED2598BE-BE24-4A93-923D-3C7355469EFD}.Debug|Any CPU.Build.0 = Debug|Any CPU
		{ED2598BE-BE24-4A93-923D-3C7355469EFD}.Release|Any CPU.ActiveCfg = Release|Any CPU
		{ED2598BE-BE24-4A93-923D-3C7355469EFD}.Release|Any CPU.Build.0 = Release|Any CPU
	EndGlobalSection
	GlobalSection(SolutionProperties) = preSolution
		HideSolutionNode = FALSE
	EndGlobalSection
	GlobalSection(ExtensibilityGlobals) = postSolution
		SolutionGuid = {803E826E-9574-4A56-B22D-DDDAD57A5808}
	EndGlobalSection
EndGlobal
